
Microsoft Visual Studio Solution File, Format Version 12.00
# Visual Studio Version 16
VisualStudioVersion = 16.0.30503.244
MinimumVisualStudioVersion = 10.0.40219.1
Project("{FAE04EC0-301F-11D3-BF4B-00C04F79EFBC}") = "VPlayer", "VPlayer\VPlayer.csproj", "{1FB08EAF-397B-4682-AFC9-73B3D1FA2CA5}"
EndProject
Project("{FAE04EC0-301F-11D3-BF4B-00C04F79EFBC}") = "Listener", "KeyListener\Listener.csproj", "{BA238278-32D0-4C4E-881A-AD2BE152832C}"
EndProject
Project("{FAE04EC0-301F-11D3-BF4B-00C04F79EFBC}") = "VPlayer.WebPlayer", "VPlayer.WebPlayer\VPlayer.WebPlayer.csproj", "{2D6B4AAE-1065-4E73-A96A-BDC154F0F4FE}"
EndProject
Project("{FAE04EC0-301F-11D3-BF4B-00C04F79EFBC}") = "VPlayer.WindowsPlayer", "VPlayer.WindowsPlayer\VPlayer.WindowsPlayer.csproj", "{A252EBB2-D31A-4A6A-A77C-A688E303801D}"
EndProject
Project("{FAE04EC0-301F-11D3-BF4B-00C04F79EFBC}") = "Logger", "..\CustomLibraries\Logger\Logger.csproj", "{6212FADF-45A6-4613-B5A8-5C5A57F3BFB0}"
EndProject
Project("{FAE04EC0-301F-11D3-BF4B-00C04F79EFBC}") = "VPlayer.AudioStorage", "VPlayer.AudioStorage\VPlayer.AudioStorage.csproj", "{B5245008-CFDF-4B83-BF61-B0B26A8E92BF}"
EndProject
Project("{FAE04EC0-301F-11D3-BF4B-00C04F79EFBC}") = "VPlayer.Library", "VPlayer.Library\VPlayer.Library.csproj", "{26D6BB81-3F3C-4DDC-857D-2B2DC4C660B8}"
EndProject
Project("{FAE04EC0-301F-11D3-BF4B-00C04F79EFBC}") = "VPlayer.Core", "VPlayer.Core\VPlayer.Core.csproj", "{B8D5C40B-3B3D-43E1-95FA-97087581BDA2}"
EndProject
Project("{FAE04EC0-301F-11D3-BF4B-00C04F79EFBC}") = "VPlayer.Player", "VPlayer.Player\VPlayer.Player.csproj", "{D56E4595-786F-4580-B3E0-EEA5871F582F}"
EndProject
Project("{2150E333-8FDC-42A3-9474-1A3956D46DE8}") = "01.Common", "01.Common", "{E90D9EBC-6FA1-471C-84A9-CFC5B30756E4}"
EndProject
Project("{9A19103F-16F7-4668-BE54-9A1E7A4F7556}") = "VCore.Standard", "..\CustomLibraries\VCore.Standard\VCore.Standard.csproj", "{A7210679-60D5-4B26-BC34-9E22C91EF175}"
EndProject
Project("{FAE04EC0-301F-11D3-BF4B-00C04F79EFBC}") = "VCore.WPF", "..\CustomLibraries\VCore\VCore.WPF.csproj", "{5AA43597-FD3D-4F10-89A5-EB77D3B831D9}"
EndProject
Project("{FAE04EC0-301F-11D3-BF4B-00C04F79EFBC}") = "VPlayer.DarkTheme", "VPlayer.DarkTheme\VPlayer.DarkTheme.csproj", "{219D618D-ED68-4076-813C-B9C8DB4FF49C}"
EndProject
Global
	GlobalSection(SolutionConfigurationPlatforms) = preSolution
		Debug|Any CPU = Debug|Any CPU
		Debug|x64 = Debug|x64
		Debug|x86 = Debug|x86
		Release|Any CPU = Release|Any CPU
		Release|x64 = Release|x64
		Release|x86 = Release|x86
	EndGlobalSection
	GlobalSection(ProjectConfigurationPlatforms) = postSolution
		{1FB08EAF-397B-4682-AFC9-73B3D1FA2CA5}.Debug|Any CPU.ActiveCfg = Debug|Any CPU
		{1FB08EAF-397B-4682-AFC9-73B3D1FA2CA5}.Debug|Any CPU.Build.0 = Debug|Any CPU
		{1FB08EAF-397B-4682-AFC9-73B3D1FA2CA5}.Debug|x64.ActiveCfg = Debug|Any CPU
		{1FB08EAF-397B-4682-AFC9-73B3D1FA2CA5}.Debug|x64.Build.0 = Debug|Any CPU
		{1FB08EAF-397B-4682-AFC9-73B3D1FA2CA5}.Debug|x86.ActiveCfg = Debug|x86
		{1FB08EAF-397B-4682-AFC9-73B3D1FA2CA5}.Debug|x86.Build.0 = Debug|x86
		{1FB08EAF-397B-4682-AFC9-73B3D1FA2CA5}.Release|Any CPU.ActiveCfg = Release|Any CPU
		{1FB08EAF-397B-4682-AFC9-73B3D1FA2CA5}.Release|Any CPU.Build.0 = Release|Any CPU
		{1FB08EAF-397B-4682-AFC9-73B3D1FA2CA5}.Release|x64.ActiveCfg = Release|x64
		{1FB08EAF-397B-4682-AFC9-73B3D1FA2CA5}.Release|x64.Build.0 = Release|x64
		{1FB08EAF-397B-4682-AFC9-73B3D1FA2CA5}.Release|x86.ActiveCfg = Release|Any CPU
		{1FB08EAF-397B-4682-AFC9-73B3D1FA2CA5}.Release|x86.Build.0 = Release|Any CPU
		{BA238278-32D0-4C4E-881A-AD2BE152832C}.Debug|Any CPU.ActiveCfg = Debug|Any CPU
		{BA238278-32D0-4C4E-881A-AD2BE152832C}.Debug|Any CPU.Build.0 = Debug|Any CPU
		{BA238278-32D0-4C4E-881A-AD2BE152832C}.Debug|x64.ActiveCfg = Debug|Any CPU
		{BA238278-32D0-4C4E-881A-AD2BE152832C}.Debug|x64.Build.0 = Debug|Any CPU
		{BA238278-32D0-4C4E-881A-AD2BE152832C}.Debug|x86.ActiveCfg = Debug|x86
		{BA238278-32D0-4C4E-881A-AD2BE152832C}.Debug|x86.Build.0 = Debug|x86
		{BA238278-32D0-4C4E-881A-AD2BE152832C}.Release|Any CPU.ActiveCfg = Release|Any CPU
		{BA238278-32D0-4C4E-881A-AD2BE152832C}.Release|Any CPU.Build.0 = Release|Any CPU
		{BA238278-32D0-4C4E-881A-AD2BE152832C}.Release|x64.ActiveCfg = Release|x64
		{BA238278-32D0-4C4E-881A-AD2BE152832C}.Release|x64.Build.0 = Release|x64
		{BA238278-32D0-4C4E-881A-AD2BE152832C}.Release|x86.ActiveCfg = Release|Any CPU
		{BA238278-32D0-4C4E-881A-AD2BE152832C}.Release|x86.Build.0 = Release|Any CPU
		{2D6B4AAE-1065-4E73-A96A-BDC154F0F4FE}.Debug|Any CPU.ActiveCfg = Debug|Any CPU
		{2D6B4AAE-1065-4E73-A96A-BDC154F0F4FE}.Debug|Any CPU.Build.0 = Debug|Any CPU
		{2D6B4AAE-1065-4E73-A96A-BDC154F0F4FE}.Debug|x64.ActiveCfg = Debug|Any CPU
		{2D6B4AAE-1065-4E73-A96A-BDC154F0F4FE}.Debug|x64.Build.0 = Debug|Any CPU
		{2D6B4AAE-1065-4E73-A96A-BDC154F0F4FE}.Debug|x86.ActiveCfg = Debug|Any CPU
		{2D6B4AAE-1065-4E73-A96A-BDC154F0F4FE}.Debug|x86.Build.0 = Debug|Any CPU
		{2D6B4AAE-1065-4E73-A96A-BDC154F0F4FE}.Release|Any CPU.ActiveCfg = Release|Any CPU
		{2D6B4AAE-1065-4E73-A96A-BDC154F0F4FE}.Release|Any CPU.Build.0 = Release|Any CPU
		{2D6B4AAE-1065-4E73-A96A-BDC154F0F4FE}.Release|x64.ActiveCfg = Release|Any CPU
		{2D6B4AAE-1065-4E73-A96A-BDC154F0F4FE}.Release|x64.Build.0 = Release|Any CPU
		{2D6B4AAE-1065-4E73-A96A-BDC154F0F4FE}.Release|x86.ActiveCfg = Release|Any CPU
		{2D6B4AAE-1065-4E73-A96A-BDC154F0F4FE}.Release|x86.Build.0 = Release|Any CPU
		{A252EBB2-D31A-4A6A-A77C-A688E303801D}.Debug|Any CPU.ActiveCfg = Debug|Any CPU
		{A252EBB2-D31A-4A6A-A77C-A688E303801D}.Debug|Any CPU.Build.0 = Debug|Any CPU
		{A252EBB2-D31A-4A6A-A77C-A688E303801D}.Debug|x64.ActiveCfg = Debug|Any CPU
		{A252EBB2-D31A-4A6A-A77C-A688E303801D}.Debug|x64.Build.0 = Debug|Any CPU
		{A252EBB2-D31A-4A6A-A77C-A688E303801D}.Debug|x86.ActiveCfg = Debug|Any CPU
		{A252EBB2-D31A-4A6A-A77C-A688E303801D}.Debug|x86.Build.0 = Debug|Any CPU
		{A252EBB2-D31A-4A6A-A77C-A688E303801D}.Release|Any CPU.ActiveCfg = Release|Any CPU
		{A252EBB2-D31A-4A6A-A77C-A688E303801D}.Release|Any CPU.Build.0 = Release|Any CPU
		{A252EBB2-D31A-4A6A-A77C-A688E303801D}.Release|x64.ActiveCfg = Release|Any CPU
		{A252EBB2-D31A-4A6A-A77C-A688E303801D}.Release|x64.Build.0 = Release|Any CPU
		{A252EBB2-D31A-4A6A-A77C-A688E303801D}.Release|x86.ActiveCfg = Release|Any CPU
		{A252EBB2-D31A-4A6A-A77C-A688E303801D}.Release|x86.Build.0 = Release|Any CPU
		{6212FADF-45A6-4613-B5A8-5C5A57F3BFB0}.Debug|Any CPU.ActiveCfg = Debug|Any CPU
		{6212FADF-45A6-4613-B5A8-5C5A57F3BFB0}.Debug|Any CPU.Build.0 = Debug|Any CPU
		{6212FADF-45A6-4613-B5A8-5C5A57F3BFB0}.Debug|x64.ActiveCfg = Debug|Any CPU
		{6212FADF-45A6-4613-B5A8-5C5A57F3BFB0}.Debug|x64.Build.0 = Debug|Any CPU
		{6212FADF-45A6-4613-B5A8-5C5A57F3BFB0}.Debug|x86.ActiveCfg = Debug|Any CPU
		{6212FADF-45A6-4613-B5A8-5C5A57F3BFB0}.Debug|x86.Build.0 = Debug|Any CPU
		{6212FADF-45A6-4613-B5A8-5C5A57F3BFB0}.Release|Any CPU.ActiveCfg = Release|Any CPU
		{6212FADF-45A6-4613-B5A8-5C5A57F3BFB0}.Release|Any CPU.Build.0 = Release|Any CPU
		{6212FADF-45A6-4613-B5A8-5C5A57F3BFB0}.Release|x64.ActiveCfg = Release|Any CPU
		{6212FADF-45A6-4613-B5A8-5C5A57F3BFB0}.Release|x64.Build.0 = Release|Any CPU
		{6212FADF-45A6-4613-B5A8-5C5A57F3BFB0}.Release|x86.ActiveCfg = Release|Any CPU
		{6212FADF-45A6-4613-B5A8-5C5A57F3BFB0}.Release|x86.Build.0 = Release|Any CPU
		{B5245008-CFDF-4B83-BF61-B0B26A8E92BF}.Debug|Any CPU.ActiveCfg = Debug|Any CPU
		{B5245008-CFDF-4B83-BF61-B0B26A8E92BF}.Debug|Any CPU.Build.0 = Debug|Any CPU
		{B5245008-CFDF-4B83-BF61-B0B26A8E92BF}.Debug|x64.ActiveCfg = Debug|Any CPU
		{B5245008-CFDF-4B83-BF61-B0B26A8E92BF}.Debug|x64.Build.0 = Debug|Any CPU
		{B5245008-CFDF-4B83-BF61-B0B26A8E92BF}.Debug|x86.ActiveCfg = Debug|Any CPU
		{B5245008-CFDF-4B83-BF61-B0B26A8E92BF}.Debug|x86.Build.0 = Debug|Any CPU
		{B5245008-CFDF-4B83-BF61-B0B26A8E92BF}.Release|Any CPU.ActiveCfg = Release|Any CPU
		{B5245008-CFDF-4B83-BF61-B0B26A8E92BF}.Release|Any CPU.Build.0 = Release|Any CPU
		{B5245008-CFDF-4B83-BF61-B0B26A8E92BF}.Release|x64.ActiveCfg = Release|Any CPU
		{B5245008-CFDF-4B83-BF61-B0B26A8E92BF}.Release|x64.Build.0 = Release|Any CPU
		{B5245008-CFDF-4B83-BF61-B0B26A8E92BF}.Release|x86.ActiveCfg = Release|Any CPU
		{B5245008-CFDF-4B83-BF61-B0B26A8E92BF}.Release|x86.Build.0 = Release|Any CPU
		{26D6BB81-3F3C-4DDC-857D-2B2DC4C660B8}.Debug|Any CPU.ActiveCfg = Debug|Any CPU
		{26D6BB81-3F3C-4DDC-857D-2B2DC4C660B8}.Debug|Any CPU.Build.0 = Debug|Any CPU
		{26D6BB81-3F3C-4DDC-857D-2B2DC4C660B8}.Debug|x64.ActiveCfg = Debug|Any CPU
		{26D6BB81-3F3C-4DDC-857D-2B2DC4C660B8}.Debug|x64.Build.0 = Debug|Any CPU
		{26D6BB81-3F3C-4DDC-857D-2B2DC4C660B8}.Debug|x86.ActiveCfg = Debug|Any CPU
		{26D6BB81-3F3C-4DDC-857D-2B2DC4C660B8}.Debug|x86.Build.0 = Debug|Any CPU
		{26D6BB81-3F3C-4DDC-857D-2B2DC4C660B8}.Release|Any CPU.ActiveCfg = Release|Any CPU
		{26D6BB81-3F3C-4DDC-857D-2B2DC4C660B8}.Release|Any CPU.Build.0 = Release|Any CPU
		{26D6BB81-3F3C-4DDC-857D-2B2DC4C660B8}.Release|x64.ActiveCfg = Release|Any CPU
		{26D6BB81-3F3C-4DDC-857D-2B2DC4C660B8}.Release|x64.Build.0 = Release|Any CPU
		{26D6BB81-3F3C-4DDC-857D-2B2DC4C660B8}.Release|x86.ActiveCfg = Release|Any CPU
		{26D6BB81-3F3C-4DDC-857D-2B2DC4C660B8}.Release|x86.Build.0 = Release|Any CPU
		{B8D5C40B-3B3D-43E1-95FA-97087581BDA2}.Debug|Any CPU.ActiveCfg = Debug|Any CPU
		{B8D5C40B-3B3D-43E1-95FA-97087581BDA2}.Debug|Any CPU.Build.0 = Debug|Any CPU
		{B8D5C40B-3B3D-43E1-95FA-97087581BDA2}.Debug|x64.ActiveCfg = Debug|Any CPU
		{B8D5C40B-3B3D-43E1-95FA-97087581BDA2}.Debug|x64.Build.0 = Debug|Any CPU
		{B8D5C40B-3B3D-43E1-95FA-97087581BDA2}.Debug|x86.ActiveCfg = Debug|Any CPU
		{B8D5C40B-3B3D-43E1-95FA-97087581BDA2}.Debug|x86.Build.0 = Debug|Any CPU
		{B8D5C40B-3B3D-43E1-95FA-97087581BDA2}.Release|Any CPU.ActiveCfg = Release|Any CPU
		{B8D5C40B-3B3D-43E1-95FA-97087581BDA2}.Release|Any CPU.Build.0 = Release|Any CPU
		{B8D5C40B-3B3D-43E1-95FA-97087581BDA2}.Release|x64.ActiveCfg = Release|Any CPU
		{B8D5C40B-3B3D-43E1-95FA-97087581BDA2}.Release|x64.Build.0 = Release|Any CPU
		{B8D5C40B-3B3D-43E1-95FA-97087581BDA2}.Release|x86.ActiveCfg = Release|Any CPU
		{B8D5C40B-3B3D-43E1-95FA-97087581BDA2}.Release|x86.Build.0 = Release|Any CPU
		{D56E4595-786F-4580-B3E0-EEA5871F582F}.Debug|Any CPU.ActiveCfg = Debug|Any CPU
		{D56E4595-786F-4580-B3E0-EEA5871F582F}.Debug|Any CPU.Build.0 = Debug|Any CPU
		{D56E4595-786F-4580-B3E0-EEA5871F582F}.Debug|x64.ActiveCfg = Debug|Any CPU
		{D56E4595-786F-4580-B3E0-EEA5871F582F}.Debug|x64.Build.0 = Debug|Any CPU
		{D56E4595-786F-4580-B3E0-EEA5871F582F}.Debug|x86.ActiveCfg = Debug|Any CPU
		{D56E4595-786F-4580-B3E0-EEA5871F582F}.Debug|x86.Build.0 = Debug|Any CPU
		{D56E4595-786F-4580-B3E0-EEA5871F582F}.Release|Any CPU.ActiveCfg = Release|Any CPU
		{D56E4595-786F-4580-B3E0-EEA5871F582F}.Release|Any CPU.Build.0 = Release|Any CPU
		{D56E4595-786F-4580-B3E0-EEA5871F582F}.Release|x64.ActiveCfg = Release|Any CPU
		{D56E4595-786F-4580-B3E0-EEA5871F582F}.Release|x64.Build.0 = Release|Any CPU
		{D56E4595-786F-4580-B3E0-EEA5871F582F}.Release|x86.ActiveCfg = Release|Any CPU
		{D56E4595-786F-4580-B3E0-EEA5871F582F}.Release|x86.Build.0 = Release|Any CPU
		{A7210679-60D5-4B26-BC34-9E22C91EF175}.Debug|Any CPU.ActiveCfg = Debug|Any CPU
		{A7210679-60D5-4B26-BC34-9E22C91EF175}.Debug|Any CPU.Build.0 = Debug|Any CPU
		{A7210679-60D5-4B26-BC34-9E22C91EF175}.Debug|x64.ActiveCfg = Debug|Any CPU
		{A7210679-60D5-4B26-BC34-9E22C91EF175}.Debug|x64.Build.0 = Debug|Any CPU
		{A7210679-60D5-4B26-BC34-9E22C91EF175}.Debug|x86.ActiveCfg = Debug|Any CPU
		{A7210679-60D5-4B26-BC34-9E22C91EF175}.Debug|x86.Build.0 = Debug|Any CPU
		{A7210679-60D5-4B26-BC34-9E22C91EF175}.Release|Any CPU.ActiveCfg = Release|Any CPU
		{A7210679-60D5-4B26-BC34-9E22C91EF175}.Release|Any CPU.Build.0 = Release|Any CPU
		{A7210679-60D5-4B26-BC34-9E22C91EF175}.Release|x64.ActiveCfg = Release|Any CPU
		{A7210679-60D5-4B26-BC34-9E22C91EF175}.Release|x64.Build.0 = Release|Any CPU
		{A7210679-60D5-4B26-BC34-9E22C91EF175}.Release|x86.ActiveCfg = Release|Any CPU
		{A7210679-60D5-4B26-BC34-9E22C91EF175}.Release|x86.Build.0 = Release|Any CPU
		{5AA43597-FD3D-4F10-89A5-EB77D3B831D9}.Debug|Any CPU.ActiveCfg = Debug|Any CPU
		{5AA43597-FD3D-4F10-89A5-EB77D3B831D9}.Debug|Any CPU.Build.0 = Debug|Any CPU
		{5AA43597-FD3D-4F10-89A5-EB77D3B831D9}.Debug|x64.ActiveCfg = Debug|x64
		{5AA43597-FD3D-4F10-89A5-EB77D3B831D9}.Debug|x64.Build.0 = Debug|x64
		{5AA43597-FD3D-4F10-89A5-EB77D3B831D9}.Debug|x86.ActiveCfg = Debug|Any CPU
		{5AA43597-FD3D-4F10-89A5-EB77D3B831D9}.Debug|x86.Build.0 = Debug|Any CPU
		{5AA43597-FD3D-4F10-89A5-EB77D3B831D9}.Release|Any CPU.ActiveCfg = Release|Any CPU
		{5AA43597-FD3D-4F10-89A5-EB77D3B831D9}.Release|Any CPU.Build.0 = Release|Any CPU
		{5AA43597-FD3D-4F10-89A5-EB77D3B831D9}.Release|x64.ActiveCfg = Release|x64
		{5AA43597-FD3D-4F10-89A5-EB77D3B831D9}.Release|x64.Build.0 = Release|x64
		{5AA43597-FD3D-4F10-89A5-EB77D3B831D9}.Release|x86.ActiveCfg = Release|Any CPU
		{5AA43597-FD3D-4F10-89A5-EB77D3B831D9}.Release|x86.Build.0 = Release|Any CPU
		{219D618D-ED68-4076-813C-B9C8DB4FF49C}.Debug|Any CPU.ActiveCfg = Debug|Any CPU
		{219D618D-ED68-4076-813C-B9C8DB4FF49C}.Debug|Any CPU.Build.0 = Debug|Any CPU
		{219D618D-ED68-4076-813C-B9C8DB4FF49C}.Debug|x64.ActiveCfg = Debug|Any CPU
		{219D618D-ED68-4076-813C-B9C8DB4FF49C}.Debug|x64.Build.0 = Debug|Any CPU
		{219D618D-ED68-4076-813C-B9C8DB4FF49C}.Debug|x86.ActiveCfg = Debug|Any CPU
		{219D618D-ED68-4076-813C-B9C8DB4FF49C}.Debug|x86.Build.0 = Debug|Any CPU
		{219D618D-ED68-4076-813C-B9C8DB4FF49C}.Release|Any CPU.ActiveCfg = Release|Any CPU
		{219D618D-ED68-4076-813C-B9C8DB4FF49C}.Release|Any CPU.Build.0 = Release|Any CPU
		{219D618D-ED68-4076-813C-B9C8DB4FF49C}.Release|x64.ActiveCfg = Release|Any CPU
		{219D618D-ED68-4076-813C-B9C8DB4FF49C}.Release|x64.Build.0 = Release|Any CPU
		{219D618D-ED68-4076-813C-B9C8DB4FF49C}.Release|x86.ActiveCfg = Release|Any CPU
		{219D618D-ED68-4076-813C-B9C8DB4FF49C}.Release|x86.Build.0 = Release|Any CPU
	EndGlobalSection
	GlobalSection(SolutionProperties) = preSolution
		HideSolutionNode = FALSE
	EndGlobalSection
	GlobalSection(NestedProjects) = preSolution
		{A7210679-60D5-4B26-BC34-9E22C91EF175} = {E90D9EBC-6FA1-471C-84A9-CFC5B30756E4}
		{5AA43597-FD3D-4F10-89A5-EB77D3B831D9} = {E90D9EBC-6FA1-471C-84A9-CFC5B30756E4}
		{219D618D-ED68-4076-813C-B9C8DB4FF49C} = {E90D9EBC-6FA1-471C-84A9-CFC5B30756E4}
	EndGlobalSection
	GlobalSection(ExtensibilityGlobals) = postSolution
		SolutionGuid = {7757B067-0629-4B99-BC33-50BF3898A109}
	EndGlobalSection
EndGlobal
