
Microsoft Visual Studio Solution File, Format Version 12.00
# Visual Studio Version 16
VisualStudioVersion = 16.0.30503.244
MinimumVisualStudioVersion = 10.0.40219.1
Project("{9A19103F-16F7-4668-BE54-9A1E7A4F7556}") = "VPlayer", "VPlayer\VPlayer.csproj", "{1FB08EAF-397B-4682-AFC9-73B3D1FA2CA5}"
EndProject
Project("{9A19103F-16F7-4668-BE54-9A1E7A4F7556}") = "Listener", "KeyListener\Listener.csproj", "{BA238278-32D0-4C4E-881A-AD2BE152832C}"
EndProject
Project("{9A19103F-16F7-4668-BE54-9A1E7A4F7556}") = "VPlayer.WindowsPlayer", "VPlayer.WindowsPlayer\VPlayer.WindowsPlayer.csproj", "{A252EBB2-D31A-4A6A-A77C-A688E303801D}"
EndProject
Project("{9A19103F-16F7-4668-BE54-9A1E7A4F7556}") = "Logger", "..\CustomLibraries\Logger\Logger.csproj", "{6212FADF-45A6-4613-B5A8-5C5A57F3BFB0}"
EndProject
Project("{9A19103F-16F7-4668-BE54-9A1E7A4F7556}") = "VPlayer.AudioStorage", "VPlayer.AudioStorage\VPlayer.AudioStorage.csproj", "{B5245008-CFDF-4B83-BF61-B0B26A8E92BF}"
EndProject
Project("{9A19103F-16F7-4668-BE54-9A1E7A4F7556}") = "VPlayer.Home", "VPlayer.Library\VPlayer.Home.csproj", "{26D6BB81-3F3C-4DDC-857D-2B2DC4C660B8}"
EndProject
Project("{9A19103F-16F7-4668-BE54-9A1E7A4F7556}") = "VPlayer.Core", "VPlayer.Core\VPlayer.Core.csproj", "{B8D5C40B-3B3D-43E1-95FA-97087581BDA2}"
EndProject
Project("{9A19103F-16F7-4668-BE54-9A1E7A4F7556}") = "VPlayer.Player", "VPlayer.Player\VPlayer.Player.csproj", "{D56E4595-786F-4580-B3E0-EEA5871F582F}"
EndProject
Project("{2150E333-8FDC-42A3-9474-1A3956D46DE8}") = "99.Common", "99.Common", "{E90D9EBC-6FA1-471C-84A9-CFC5B30756E4}"
EndProject
Project("{9A19103F-16F7-4668-BE54-9A1E7A4F7556}") = "VCore.Standard", "..\CustomLibraries\VCore.Standard\VCore.Standard.csproj", "{A7210679-60D5-4B26-BC34-9E22C91EF175}"
EndProject
Project("{9A19103F-16F7-4668-BE54-9A1E7A4F7556}") = "VCore.WPF", "..\CustomLibraries\VCore\VCore.WPF.csproj", "{5AA43597-FD3D-4F10-89A5-EB77D3B831D9}"
EndProject
Project("{9A19103F-16F7-4668-BE54-9A1E7A4F7556}") = "VPlayer.DarkTheme", "VPlayer.DarkTheme\VPlayer.DarkTheme.csproj", "{219D618D-ED68-4076-813C-B9C8DB4FF49C}"
EndProject
Project("{9A19103F-16F7-4668-BE54-9A1E7A4F7556}") = "WebsiteParser", "..\CustomLibraries\WebsiteParser\WebsiteParser.csproj", "{FD6EC0C9-A961-49D9-83EE-5FA6020650C9}"
EndProject
Project("{9A19103F-16F7-4668-BE54-9A1E7A4F7556}") = "SoundManagement", "..\CustomLibraries\SoundManagement\SoundManagement.csproj", "{748AB135-363C-40D5-80C1-9A551071D62C}"
EndProject
Project("{2150E333-8FDC-42A3-9474-1A3956D46DE8}") = "98.Other", "98.Other", "{79451471-134E-4D7B-B633-4AE2BF7A7D23}"
EndProject
Project("{2150E333-8FDC-42A3-9474-1A3956D46DE8}") = "01.Client", "01.Client", "{A0ED6EDE-A059-4428-A310-F3555A34854D}"
EndProject
Project("{2150E333-8FDC-42A3-9474-1A3956D46DE8}") = "02.Modules", "02.Modules", "{D6214E27-4C28-424B-B8E6-ADA165008EA4}"
EndProject
Project("{2150E333-8FDC-42A3-9474-1A3956D46DE8}") = "03. Domain", "03. Domain", "{EDB4692D-97C0-454B-8048-79AA8D40ABE9}"
EndProject
Project("{9A19103F-16F7-4668-BE54-9A1E7A4F7556}") = "UPnP", "03.Domain\UPnP\UPnP.csproj", "{68CEC379-F5F5-476C-882A-1D3B5143B2A8}"
EndProject
Project("{9A19103F-16F7-4668-BE54-9A1E7A4F7556}") = "VPlayer.UPnP", "VPlayer.UPnP\VPlayer.UPnP.csproj", "{0EAA5EA5-6414-4602-95C5-0A63C2F522A3}"
EndProject
Project("{9A19103F-16F7-4668-BE54-9A1E7A4F7556}") = "VPlayer.IPTV", "VPlayer.TV\VPlayer.IPTV.csproj", "{87573C5A-C6E9-4AC4-8D59-7D8CDD0BE28B}"
EndProject
Project("{9A19103F-16F7-4668-BE54-9A1E7A4F7556}") = "IPTVStalker", "03.Domain\IPTVStalker\IPTVStalker.csproj", "{ABB44196-AD42-4038-8B19-E1496E30FDF0}"
EndProject
Project("{9A19103F-16F7-4668-BE54-9A1E7A4F7556}") = "VVLC", "VVLC\VVLC.csproj", "{F6794988-9E29-4E7D-8A07-EDFC20491737}"
EndProject
Project("{9A19103F-16F7-4668-BE54-9A1E7A4F7556}") = "VPLayer.Domain", "VPLayer.Domain\VPLayer.Domain.csproj", "{0A0BED67-0C7B-4D24-B107-43615F4C0ACA}"
EndProject
Project("{9A19103F-16F7-4668-BE54-9A1E7A4F7556}") = "PCloudClient", "PCloudClient\PCloudClient.csproj", "{7C13D5DD-2E71-4466-BFD0-B5C6A10640BA}"
EndProject
Project("{9A19103F-16F7-4668-BE54-9A1E7A4F7556}") = "VPlayer.PCloud", "VPlayer.PCloud\VPlayer.PCloud.csproj", "{40A9CBD7-BCF2-4FD8-A266-693F09C2E6ED}"
EndProject
Global
	GlobalSection(SolutionConfigurationPlatforms) = preSolution
		Debug|Any CPU = Debug|Any CPU
		Debug|ARM64 = Debug|ARM64
		Debug|x64 = Debug|x64
		Debug|x86 = Debug|x86
		Release|Any CPU = Release|Any CPU
		Release|ARM64 = Release|ARM64
		Release|x64 = Release|x64
		Release|x86 = Release|x86
	EndGlobalSection
	GlobalSection(ProjectConfigurationPlatforms) = postSolution
		{1FB08EAF-397B-4682-AFC9-73B3D1FA2CA5}.Debug|Any CPU.ActiveCfg = Debug|Any CPU
		{1FB08EAF-397B-4682-AFC9-73B3D1FA2CA5}.Debug|Any CPU.Build.0 = Debug|Any CPU
		{1FB08EAF-397B-4682-AFC9-73B3D1FA2CA5}.Debug|ARM64.ActiveCfg = Debug|Any CPU
		{1FB08EAF-397B-4682-AFC9-73B3D1FA2CA5}.Debug|ARM64.Build.0 = Debug|Any CPU
		{1FB08EAF-397B-4682-AFC9-73B3D1FA2CA5}.Debug|x64.ActiveCfg = Debug|Any CPU
		{1FB08EAF-397B-4682-AFC9-73B3D1FA2CA5}.Debug|x64.Build.0 = Debug|Any CPU
		{1FB08EAF-397B-4682-AFC9-73B3D1FA2CA5}.Debug|x86.ActiveCfg = Debug|x86
		{1FB08EAF-397B-4682-AFC9-73B3D1FA2CA5}.Debug|x86.Build.0 = Debug|x86
		{1FB08EAF-397B-4682-AFC9-73B3D1FA2CA5}.Release|Any CPU.ActiveCfg = Release|Any CPU
		{1FB08EAF-397B-4682-AFC9-73B3D1FA2CA5}.Release|Any CPU.Build.0 = Release|Any CPU
		{1FB08EAF-397B-4682-AFC9-73B3D1FA2CA5}.Release|ARM64.ActiveCfg = Release|Any CPU
		{1FB08EAF-397B-4682-AFC9-73B3D1FA2CA5}.Release|ARM64.Build.0 = Release|Any CPU
		{1FB08EAF-397B-4682-AFC9-73B3D1FA2CA5}.Release|x64.ActiveCfg = Release|Any CPU
		{1FB08EAF-397B-4682-AFC9-73B3D1FA2CA5}.Release|x64.Build.0 = Release|Any CPU
		{1FB08EAF-397B-4682-AFC9-73B3D1FA2CA5}.Release|x86.ActiveCfg = Release|x86
		{1FB08EAF-397B-4682-AFC9-73B3D1FA2CA5}.Release|x86.Build.0 = Release|x86
		{BA238278-32D0-4C4E-881A-AD2BE152832C}.Debug|Any CPU.ActiveCfg = Debug|Any CPU
		{BA238278-32D0-4C4E-881A-AD2BE152832C}.Debug|Any CPU.Build.0 = Debug|Any CPU
		{BA238278-32D0-4C4E-881A-AD2BE152832C}.Debug|ARM64.ActiveCfg = Debug|Any CPU
		{BA238278-32D0-4C4E-881A-AD2BE152832C}.Debug|ARM64.Build.0 = Debug|Any CPU
		{BA238278-32D0-4C4E-881A-AD2BE152832C}.Debug|x64.ActiveCfg = Debug|Any CPU
		{BA238278-32D0-4C4E-881A-AD2BE152832C}.Debug|x64.Build.0 = Debug|Any CPU
		{BA238278-32D0-4C4E-881A-AD2BE152832C}.Debug|x86.ActiveCfg = Debug|Any CPU
		{BA238278-32D0-4C4E-881A-AD2BE152832C}.Debug|x86.Build.0 = Debug|Any CPU
		{BA238278-32D0-4C4E-881A-AD2BE152832C}.Release|Any CPU.ActiveCfg = Release|Any CPU
		{BA238278-32D0-4C4E-881A-AD2BE152832C}.Release|Any CPU.Build.0 = Release|Any CPU
		{BA238278-32D0-4C4E-881A-AD2BE152832C}.Release|ARM64.ActiveCfg = Release|Any CPU
		{BA238278-32D0-4C4E-881A-AD2BE152832C}.Release|ARM64.Build.0 = Release|Any CPU
		{BA238278-32D0-4C4E-881A-AD2BE152832C}.Release|x64.ActiveCfg = Release|Any CPU
		{BA238278-32D0-4C4E-881A-AD2BE152832C}.Release|x64.Build.0 = Release|Any CPU
		{BA238278-32D0-4C4E-881A-AD2BE152832C}.Release|x86.ActiveCfg = Release|x86
		{BA238278-32D0-4C4E-881A-AD2BE152832C}.Release|x86.Build.0 = Release|x86
		{A252EBB2-D31A-4A6A-A77C-A688E303801D}.Debug|Any CPU.ActiveCfg = Debug|Any CPU
		{A252EBB2-D31A-4A6A-A77C-A688E303801D}.Debug|Any CPU.Build.0 = Debug|Any CPU
		{A252EBB2-D31A-4A6A-A77C-A688E303801D}.Debug|ARM64.ActiveCfg = Debug|Any CPU
		{A252EBB2-D31A-4A6A-A77C-A688E303801D}.Debug|ARM64.Build.0 = Debug|Any CPU
		{A252EBB2-D31A-4A6A-A77C-A688E303801D}.Debug|x64.ActiveCfg = Debug|x64
		{A252EBB2-D31A-4A6A-A77C-A688E303801D}.Debug|x64.Build.0 = Debug|x64
		{A252EBB2-D31A-4A6A-A77C-A688E303801D}.Debug|x86.ActiveCfg = Debug|x86
		{A252EBB2-D31A-4A6A-A77C-A688E303801D}.Debug|x86.Build.0 = Debug|x86
		{A252EBB2-D31A-4A6A-A77C-A688E303801D}.Release|Any CPU.ActiveCfg = Release|Any CPU
		{A252EBB2-D31A-4A6A-A77C-A688E303801D}.Release|Any CPU.Build.0 = Release|Any CPU
		{A252EBB2-D31A-4A6A-A77C-A688E303801D}.Release|ARM64.ActiveCfg = Release|Any CPU
		{A252EBB2-D31A-4A6A-A77C-A688E303801D}.Release|ARM64.Build.0 = Release|Any CPU
		{A252EBB2-D31A-4A6A-A77C-A688E303801D}.Release|x64.ActiveCfg = Release|x64
		{A252EBB2-D31A-4A6A-A77C-A688E303801D}.Release|x64.Build.0 = Release|x64
		{A252EBB2-D31A-4A6A-A77C-A688E303801D}.Release|x86.ActiveCfg = Release|x86
		{A252EBB2-D31A-4A6A-A77C-A688E303801D}.Release|x86.Build.0 = Release|x86
		{6212FADF-45A6-4613-B5A8-5C5A57F3BFB0}.Debug|Any CPU.ActiveCfg = Debug|Any CPU
		{6212FADF-45A6-4613-B5A8-5C5A57F3BFB0}.Debug|Any CPU.Build.0 = Debug|Any CPU
		{6212FADF-45A6-4613-B5A8-5C5A57F3BFB0}.Debug|ARM64.ActiveCfg = Debug|Any CPU
		{6212FADF-45A6-4613-B5A8-5C5A57F3BFB0}.Debug|ARM64.Build.0 = Debug|Any CPU
		{6212FADF-45A6-4613-B5A8-5C5A57F3BFB0}.Debug|x64.ActiveCfg = Debug|Any CPU
		{6212FADF-45A6-4613-B5A8-5C5A57F3BFB0}.Debug|x64.Build.0 = Debug|Any CPU
		{6212FADF-45A6-4613-B5A8-5C5A57F3BFB0}.Debug|x86.ActiveCfg = Debug|Any CPU
		{6212FADF-45A6-4613-B5A8-5C5A57F3BFB0}.Debug|x86.Build.0 = Debug|Any CPU
		{6212FADF-45A6-4613-B5A8-5C5A57F3BFB0}.Release|Any CPU.ActiveCfg = Release|Any CPU
		{6212FADF-45A6-4613-B5A8-5C5A57F3BFB0}.Release|Any CPU.Build.0 = Release|Any CPU
		{6212FADF-45A6-4613-B5A8-5C5A57F3BFB0}.Release|ARM64.ActiveCfg = Release|Any CPU
		{6212FADF-45A6-4613-B5A8-5C5A57F3BFB0}.Release|ARM64.Build.0 = Release|Any CPU
		{6212FADF-45A6-4613-B5A8-5C5A57F3BFB0}.Release|x64.ActiveCfg = Release|Any CPU
		{6212FADF-45A6-4613-B5A8-5C5A57F3BFB0}.Release|x64.Build.0 = Release|Any CPU
		{6212FADF-45A6-4613-B5A8-5C5A57F3BFB0}.Release|x86.ActiveCfg = Release|x86
		{6212FADF-45A6-4613-B5A8-5C5A57F3BFB0}.Release|x86.Build.0 = Release|x86
		{B5245008-CFDF-4B83-BF61-B0B26A8E92BF}.Debug|Any CPU.ActiveCfg = Debug|Any CPU
		{B5245008-CFDF-4B83-BF61-B0B26A8E92BF}.Debug|Any CPU.Build.0 = Debug|Any CPU
		{B5245008-CFDF-4B83-BF61-B0B26A8E92BF}.Debug|ARM64.ActiveCfg = Debug|Any CPU
		{B5245008-CFDF-4B83-BF61-B0B26A8E92BF}.Debug|ARM64.Build.0 = Debug|Any CPU
		{B5245008-CFDF-4B83-BF61-B0B26A8E92BF}.Debug|x64.ActiveCfg = Debug|Any CPU
		{B5245008-CFDF-4B83-BF61-B0B26A8E92BF}.Debug|x64.Build.0 = Debug|Any CPU
		{B5245008-CFDF-4B83-BF61-B0B26A8E92BF}.Debug|x86.ActiveCfg = Debug|Any CPU
		{B5245008-CFDF-4B83-BF61-B0B26A8E92BF}.Debug|x86.Build.0 = Debug|Any CPU
		{B5245008-CFDF-4B83-BF61-B0B26A8E92BF}.Release|Any CPU.ActiveCfg = Release|Any CPU
		{B5245008-CFDF-4B83-BF61-B0B26A8E92BF}.Release|Any CPU.Build.0 = Release|Any CPU
		{B5245008-CFDF-4B83-BF61-B0B26A8E92BF}.Release|ARM64.ActiveCfg = Release|Any CPU
		{B5245008-CFDF-4B83-BF61-B0B26A8E92BF}.Release|ARM64.Build.0 = Release|Any CPU
		{B5245008-CFDF-4B83-BF61-B0B26A8E92BF}.Release|x64.ActiveCfg = Release|Any CPU
		{B5245008-CFDF-4B83-BF61-B0B26A8E92BF}.Release|x64.Build.0 = Release|Any CPU
		{B5245008-CFDF-4B83-BF61-B0B26A8E92BF}.Release|x86.ActiveCfg = Release|x86
		{B5245008-CFDF-4B83-BF61-B0B26A8E92BF}.Release|x86.Build.0 = Release|x86
		{26D6BB81-3F3C-4DDC-857D-2B2DC4C660B8}.Debug|Any CPU.ActiveCfg = Debug|Any CPU
		{26D6BB81-3F3C-4DDC-857D-2B2DC4C660B8}.Debug|Any CPU.Build.0 = Debug|Any CPU
		{26D6BB81-3F3C-4DDC-857D-2B2DC4C660B8}.Debug|ARM64.ActiveCfg = Debug|Any CPU
		{26D6BB81-3F3C-4DDC-857D-2B2DC4C660B8}.Debug|ARM64.Build.0 = Debug|Any CPU
		{26D6BB81-3F3C-4DDC-857D-2B2DC4C660B8}.Debug|x64.ActiveCfg = Debug|x64
		{26D6BB81-3F3C-4DDC-857D-2B2DC4C660B8}.Debug|x64.Build.0 = Debug|x64
		{26D6BB81-3F3C-4DDC-857D-2B2DC4C660B8}.Debug|x86.ActiveCfg = Debug|x86
		{26D6BB81-3F3C-4DDC-857D-2B2DC4C660B8}.Debug|x86.Build.0 = Debug|x86
		{26D6BB81-3F3C-4DDC-857D-2B2DC4C660B8}.Release|Any CPU.ActiveCfg = Release|Any CPU
		{26D6BB81-3F3C-4DDC-857D-2B2DC4C660B8}.Release|Any CPU.Build.0 = Release|Any CPU
		{26D6BB81-3F3C-4DDC-857D-2B2DC4C660B8}.Release|ARM64.ActiveCfg = Release|Any CPU
		{26D6BB81-3F3C-4DDC-857D-2B2DC4C660B8}.Release|ARM64.Build.0 = Release|Any CPU
		{26D6BB81-3F3C-4DDC-857D-2B2DC4C660B8}.Release|x64.ActiveCfg = Release|x64
		{26D6BB81-3F3C-4DDC-857D-2B2DC4C660B8}.Release|x64.Build.0 = Release|x64
		{26D6BB81-3F3C-4DDC-857D-2B2DC4C660B8}.Release|x86.ActiveCfg = Release|x86
		{26D6BB81-3F3C-4DDC-857D-2B2DC4C660B8}.Release|x86.Build.0 = Release|x86
		{B8D5C40B-3B3D-43E1-95FA-97087581BDA2}.Debug|Any CPU.ActiveCfg = Debug|Any CPU
		{B8D5C40B-3B3D-43E1-95FA-97087581BDA2}.Debug|Any CPU.Build.0 = Debug|Any CPU
		{B8D5C40B-3B3D-43E1-95FA-97087581BDA2}.Debug|ARM64.ActiveCfg = Debug|x64
		{B8D5C40B-3B3D-43E1-95FA-97087581BDA2}.Debug|ARM64.Build.0 = Debug|x64
		{B8D5C40B-3B3D-43E1-95FA-97087581BDA2}.Debug|x64.ActiveCfg = Debug|x64
		{B8D5C40B-3B3D-43E1-95FA-97087581BDA2}.Debug|x64.Build.0 = Debug|x64
		{B8D5C40B-3B3D-43E1-95FA-97087581BDA2}.Debug|x86.ActiveCfg = Debug|x86
		{B8D5C40B-3B3D-43E1-95FA-97087581BDA2}.Debug|x86.Build.0 = Debug|x86
		{B8D5C40B-3B3D-43E1-95FA-97087581BDA2}.Release|Any CPU.ActiveCfg = Release|Any CPU
		{B8D5C40B-3B3D-43E1-95FA-97087581BDA2}.Release|Any CPU.Build.0 = Release|Any CPU
		{B8D5C40B-3B3D-43E1-95FA-97087581BDA2}.Release|ARM64.ActiveCfg = Release|ARM64
		{B8D5C40B-3B3D-43E1-95FA-97087581BDA2}.Release|ARM64.Build.0 = Release|ARM64
		{B8D5C40B-3B3D-43E1-95FA-97087581BDA2}.Release|x64.ActiveCfg = Release|x64
		{B8D5C40B-3B3D-43E1-95FA-97087581BDA2}.Release|x64.Build.0 = Release|x64
		{B8D5C40B-3B3D-43E1-95FA-97087581BDA2}.Release|x86.ActiveCfg = Release|x86
		{B8D5C40B-3B3D-43E1-95FA-97087581BDA2}.Release|x86.Build.0 = Release|x86
		{D56E4595-786F-4580-B3E0-EEA5871F582F}.Debug|Any CPU.ActiveCfg = Debug|Any CPU
		{D56E4595-786F-4580-B3E0-EEA5871F582F}.Debug|Any CPU.Build.0 = Debug|Any CPU
		{D56E4595-786F-4580-B3E0-EEA5871F582F}.Debug|ARM64.ActiveCfg = Debug|Any CPU
		{D56E4595-786F-4580-B3E0-EEA5871F582F}.Debug|ARM64.Build.0 = Debug|Any CPU
		{D56E4595-786F-4580-B3E0-EEA5871F582F}.Debug|x64.ActiveCfg = Debug|Any CPU
		{D56E4595-786F-4580-B3E0-EEA5871F582F}.Debug|x64.Build.0 = Debug|Any CPU
		{D56E4595-786F-4580-B3E0-EEA5871F582F}.Debug|x86.ActiveCfg = Debug|x86
		{D56E4595-786F-4580-B3E0-EEA5871F582F}.Debug|x86.Build.0 = Debug|x86
		{D56E4595-786F-4580-B3E0-EEA5871F582F}.Release|Any CPU.ActiveCfg = Release|Any CPU
		{D56E4595-786F-4580-B3E0-EEA5871F582F}.Release|Any CPU.Build.0 = Release|Any CPU
		{D56E4595-786F-4580-B3E0-EEA5871F582F}.Release|ARM64.ActiveCfg = Release|Any CPU
		{D56E4595-786F-4580-B3E0-EEA5871F582F}.Release|ARM64.Build.0 = Release|Any CPU
		{D56E4595-786F-4580-B3E0-EEA5871F582F}.Release|x64.ActiveCfg = Release|Any CPU
		{D56E4595-786F-4580-B3E0-EEA5871F582F}.Release|x64.Build.0 = Release|Any CPU
		{D56E4595-786F-4580-B3E0-EEA5871F582F}.Release|x86.ActiveCfg = Release|x86
		{D56E4595-786F-4580-B3E0-EEA5871F582F}.Release|x86.Build.0 = Release|x86
		{A7210679-60D5-4B26-BC34-9E22C91EF175}.Debug|Any CPU.ActiveCfg = Debug|Any CPU
		{A7210679-60D5-4B26-BC34-9E22C91EF175}.Debug|Any CPU.Build.0 = Debug|Any CPU
		{A7210679-60D5-4B26-BC34-9E22C91EF175}.Debug|ARM64.ActiveCfg = Debug|Any CPU
		{A7210679-60D5-4B26-BC34-9E22C91EF175}.Debug|ARM64.Build.0 = Debug|Any CPU
		{A7210679-60D5-4B26-BC34-9E22C91EF175}.Debug|x64.ActiveCfg = Debug|Any CPU
		{A7210679-60D5-4B26-BC34-9E22C91EF175}.Debug|x64.Build.0 = Debug|Any CPU
		{A7210679-60D5-4B26-BC34-9E22C91EF175}.Debug|x86.ActiveCfg = Debug|Any CPU
		{A7210679-60D5-4B26-BC34-9E22C91EF175}.Debug|x86.Build.0 = Debug|Any CPU
		{A7210679-60D5-4B26-BC34-9E22C91EF175}.Release|Any CPU.ActiveCfg = Release|Any CPU
		{A7210679-60D5-4B26-BC34-9E22C91EF175}.Release|Any CPU.Build.0 = Release|Any CPU
		{A7210679-60D5-4B26-BC34-9E22C91EF175}.Release|ARM64.ActiveCfg = Release|Any CPU
		{A7210679-60D5-4B26-BC34-9E22C91EF175}.Release|ARM64.Build.0 = Release|Any CPU
		{A7210679-60D5-4B26-BC34-9E22C91EF175}.Release|x64.ActiveCfg = Release|Any CPU
		{A7210679-60D5-4B26-BC34-9E22C91EF175}.Release|x64.Build.0 = Release|Any CPU
		{A7210679-60D5-4B26-BC34-9E22C91EF175}.Release|x86.ActiveCfg = Release|x86
		{A7210679-60D5-4B26-BC34-9E22C91EF175}.Release|x86.Build.0 = Release|x86
		{5AA43597-FD3D-4F10-89A5-EB77D3B831D9}.Debug|Any CPU.ActiveCfg = Debug|Any CPU
		{5AA43597-FD3D-4F10-89A5-EB77D3B831D9}.Debug|Any CPU.Build.0 = Debug|Any CPU
		{5AA43597-FD3D-4F10-89A5-EB77D3B831D9}.Debug|ARM64.ActiveCfg = Debug|Any CPU
		{5AA43597-FD3D-4F10-89A5-EB77D3B831D9}.Debug|ARM64.Build.0 = Debug|Any CPU
		{5AA43597-FD3D-4F10-89A5-EB77D3B831D9}.Debug|x64.ActiveCfg = Debug|Any CPU
		{5AA43597-FD3D-4F10-89A5-EB77D3B831D9}.Debug|x64.Build.0 = Debug|Any CPU
		{5AA43597-FD3D-4F10-89A5-EB77D3B831D9}.Debug|x86.ActiveCfg = Debug|Any CPU
		{5AA43597-FD3D-4F10-89A5-EB77D3B831D9}.Debug|x86.Build.0 = Debug|Any CPU
		{5AA43597-FD3D-4F10-89A5-EB77D3B831D9}.Release|Any CPU.ActiveCfg = Release|Any CPU
		{5AA43597-FD3D-4F10-89A5-EB77D3B831D9}.Release|Any CPU.Build.0 = Release|Any CPU
		{5AA43597-FD3D-4F10-89A5-EB77D3B831D9}.Release|ARM64.ActiveCfg = Release|Any CPU
		{5AA43597-FD3D-4F10-89A5-EB77D3B831D9}.Release|ARM64.Build.0 = Release|Any CPU
		{5AA43597-FD3D-4F10-89A5-EB77D3B831D9}.Release|x64.ActiveCfg = Release|Any CPU
		{5AA43597-FD3D-4F10-89A5-EB77D3B831D9}.Release|x64.Build.0 = Release|Any CPU
		{5AA43597-FD3D-4F10-89A5-EB77D3B831D9}.Release|x86.ActiveCfg = Release|x86
		{5AA43597-FD3D-4F10-89A5-EB77D3B831D9}.Release|x86.Build.0 = Release|x86
		{219D618D-ED68-4076-813C-B9C8DB4FF49C}.Debug|Any CPU.ActiveCfg = Debug|Any CPU
		{219D618D-ED68-4076-813C-B9C8DB4FF49C}.Debug|Any CPU.Build.0 = Debug|Any CPU
		{219D618D-ED68-4076-813C-B9C8DB4FF49C}.Debug|ARM64.ActiveCfg = Debug|Any CPU
		{219D618D-ED68-4076-813C-B9C8DB4FF49C}.Debug|ARM64.Build.0 = Debug|Any CPU
		{219D618D-ED68-4076-813C-B9C8DB4FF49C}.Debug|x64.ActiveCfg = Debug|Any CPU
		{219D618D-ED68-4076-813C-B9C8DB4FF49C}.Debug|x64.Build.0 = Debug|Any CPU
		{219D618D-ED68-4076-813C-B9C8DB4FF49C}.Debug|x86.ActiveCfg = Debug|Any CPU
		{219D618D-ED68-4076-813C-B9C8DB4FF49C}.Debug|x86.Build.0 = Debug|Any CPU
		{219D618D-ED68-4076-813C-B9C8DB4FF49C}.Release|Any CPU.ActiveCfg = Release|Any CPU
		{219D618D-ED68-4076-813C-B9C8DB4FF49C}.Release|Any CPU.Build.0 = Release|Any CPU
		{219D618D-ED68-4076-813C-B9C8DB4FF49C}.Release|ARM64.ActiveCfg = Release|Any CPU
		{219D618D-ED68-4076-813C-B9C8DB4FF49C}.Release|ARM64.Build.0 = Release|Any CPU
		{219D618D-ED68-4076-813C-B9C8DB4FF49C}.Release|x64.ActiveCfg = Release|Any CPU
		{219D618D-ED68-4076-813C-B9C8DB4FF49C}.Release|x64.Build.0 = Release|Any CPU
		{219D618D-ED68-4076-813C-B9C8DB4FF49C}.Release|x86.ActiveCfg = Release|Any CPU
		{219D618D-ED68-4076-813C-B9C8DB4FF49C}.Release|x86.Build.0 = Release|Any CPU
		{FD6EC0C9-A961-49D9-83EE-5FA6020650C9}.Debug|Any CPU.ActiveCfg = Debug|Any CPU
		{FD6EC0C9-A961-49D9-83EE-5FA6020650C9}.Debug|Any CPU.Build.0 = Debug|Any CPU
		{FD6EC0C9-A961-49D9-83EE-5FA6020650C9}.Debug|ARM64.ActiveCfg = Debug|Any CPU
		{FD6EC0C9-A961-49D9-83EE-5FA6020650C9}.Debug|ARM64.Build.0 = Debug|Any CPU
		{FD6EC0C9-A961-49D9-83EE-5FA6020650C9}.Debug|x64.ActiveCfg = Debug|Any CPU
		{FD6EC0C9-A961-49D9-83EE-5FA6020650C9}.Debug|x64.Build.0 = Debug|Any CPU
		{FD6EC0C9-A961-49D9-83EE-5FA6020650C9}.Debug|x86.ActiveCfg = Debug|Any CPU
		{FD6EC0C9-A961-49D9-83EE-5FA6020650C9}.Debug|x86.Build.0 = Debug|Any CPU
		{FD6EC0C9-A961-49D9-83EE-5FA6020650C9}.Release|Any CPU.ActiveCfg = Release|Any CPU
		{FD6EC0C9-A961-49D9-83EE-5FA6020650C9}.Release|Any CPU.Build.0 = Release|Any CPU
		{FD6EC0C9-A961-49D9-83EE-5FA6020650C9}.Release|ARM64.ActiveCfg = Release|Any CPU
		{FD6EC0C9-A961-49D9-83EE-5FA6020650C9}.Release|ARM64.Build.0 = Release|Any CPU
		{FD6EC0C9-A961-49D9-83EE-5FA6020650C9}.Release|x64.ActiveCfg = Release|Any CPU
		{FD6EC0C9-A961-49D9-83EE-5FA6020650C9}.Release|x64.Build.0 = Release|Any CPU
		{FD6EC0C9-A961-49D9-83EE-5FA6020650C9}.Release|x86.ActiveCfg = Release|x86
		{FD6EC0C9-A961-49D9-83EE-5FA6020650C9}.Release|x86.Build.0 = Release|x86
		{748AB135-363C-40D5-80C1-9A551071D62C}.Debug|Any CPU.ActiveCfg = Debug|Any CPU
		{748AB135-363C-40D5-80C1-9A551071D62C}.Debug|Any CPU.Build.0 = Debug|Any CPU
		{748AB135-363C-40D5-80C1-9A551071D62C}.Debug|ARM64.ActiveCfg = Debug|Any CPU
		{748AB135-363C-40D5-80C1-9A551071D62C}.Debug|ARM64.Build.0 = Debug|Any CPU
		{748AB135-363C-40D5-80C1-9A551071D62C}.Debug|x64.ActiveCfg = Debug|Any CPU
		{748AB135-363C-40D5-80C1-9A551071D62C}.Debug|x64.Build.0 = Debug|Any CPU
		{748AB135-363C-40D5-80C1-9A551071D62C}.Debug|x86.ActiveCfg = Debug|Any CPU
		{748AB135-363C-40D5-80C1-9A551071D62C}.Debug|x86.Build.0 = Debug|Any CPU
		{748AB135-363C-40D5-80C1-9A551071D62C}.Release|Any CPU.ActiveCfg = Release|Any CPU
		{748AB135-363C-40D5-80C1-9A551071D62C}.Release|Any CPU.Build.0 = Release|Any CPU
		{748AB135-363C-40D5-80C1-9A551071D62C}.Release|ARM64.ActiveCfg = Release|Any CPU
		{748AB135-363C-40D5-80C1-9A551071D62C}.Release|ARM64.Build.0 = Release|Any CPU
		{748AB135-363C-40D5-80C1-9A551071D62C}.Release|x64.ActiveCfg = Release|Any CPU
		{748AB135-363C-40D5-80C1-9A551071D62C}.Release|x64.Build.0 = Release|Any CPU
		{748AB135-363C-40D5-80C1-9A551071D62C}.Release|x86.ActiveCfg = Release|x86
		{748AB135-363C-40D5-80C1-9A551071D62C}.Release|x86.Build.0 = Release|x86
		{68CEC379-F5F5-476C-882A-1D3B5143B2A8}.Debug|Any CPU.ActiveCfg = Debug|Any CPU
		{68CEC379-F5F5-476C-882A-1D3B5143B2A8}.Debug|Any CPU.Build.0 = Debug|Any CPU
		{68CEC379-F5F5-476C-882A-1D3B5143B2A8}.Debug|ARM64.ActiveCfg = Debug|Any CPU
		{68CEC379-F5F5-476C-882A-1D3B5143B2A8}.Debug|ARM64.Build.0 = Debug|Any CPU
		{68CEC379-F5F5-476C-882A-1D3B5143B2A8}.Debug|x64.ActiveCfg = Debug|Any CPU
		{68CEC379-F5F5-476C-882A-1D3B5143B2A8}.Debug|x64.Build.0 = Debug|Any CPU
		{68CEC379-F5F5-476C-882A-1D3B5143B2A8}.Debug|x86.ActiveCfg = Debug|Any CPU
		{68CEC379-F5F5-476C-882A-1D3B5143B2A8}.Debug|x86.Build.0 = Debug|Any CPU
		{68CEC379-F5F5-476C-882A-1D3B5143B2A8}.Release|Any CPU.ActiveCfg = Release|Any CPU
		{68CEC379-F5F5-476C-882A-1D3B5143B2A8}.Release|Any CPU.Build.0 = Release|Any CPU
		{68CEC379-F5F5-476C-882A-1D3B5143B2A8}.Release|ARM64.ActiveCfg = Release|Any CPU
		{68CEC379-F5F5-476C-882A-1D3B5143B2A8}.Release|ARM64.Build.0 = Release|Any CPU
		{68CEC379-F5F5-476C-882A-1D3B5143B2A8}.Release|x64.ActiveCfg = Release|Any CPU
		{68CEC379-F5F5-476C-882A-1D3B5143B2A8}.Release|x64.Build.0 = Release|Any CPU
		{68CEC379-F5F5-476C-882A-1D3B5143B2A8}.Release|x86.ActiveCfg = Release|x86
		{68CEC379-F5F5-476C-882A-1D3B5143B2A8}.Release|x86.Build.0 = Release|x86
		{0EAA5EA5-6414-4602-95C5-0A63C2F522A3}.Debug|Any CPU.ActiveCfg = Debug|Any CPU
		{0EAA5EA5-6414-4602-95C5-0A63C2F522A3}.Debug|Any CPU.Build.0 = Debug|Any CPU
		{0EAA5EA5-6414-4602-95C5-0A63C2F522A3}.Debug|ARM64.ActiveCfg = Debug|x64
		{0EAA5EA5-6414-4602-95C5-0A63C2F522A3}.Debug|ARM64.Build.0 = Debug|x64
		{0EAA5EA5-6414-4602-95C5-0A63C2F522A3}.Debug|x64.ActiveCfg = Debug|x64
		{0EAA5EA5-6414-4602-95C5-0A63C2F522A3}.Debug|x64.Build.0 = Debug|x64
		{0EAA5EA5-6414-4602-95C5-0A63C2F522A3}.Debug|x86.ActiveCfg = Debug|x86
		{0EAA5EA5-6414-4602-95C5-0A63C2F522A3}.Debug|x86.Build.0 = Debug|x86
		{0EAA5EA5-6414-4602-95C5-0A63C2F522A3}.Release|Any CPU.ActiveCfg = Release|Any CPU
		{0EAA5EA5-6414-4602-95C5-0A63C2F522A3}.Release|Any CPU.Build.0 = Release|Any CPU
		{0EAA5EA5-6414-4602-95C5-0A63C2F522A3}.Release|ARM64.ActiveCfg = Release|Any CPU
		{0EAA5EA5-6414-4602-95C5-0A63C2F522A3}.Release|ARM64.Build.0 = Release|Any CPU
		{0EAA5EA5-6414-4602-95C5-0A63C2F522A3}.Release|x64.ActiveCfg = Release|x64
		{0EAA5EA5-6414-4602-95C5-0A63C2F522A3}.Release|x64.Build.0 = Release|x64
		{0EAA5EA5-6414-4602-95C5-0A63C2F522A3}.Release|x86.ActiveCfg = Release|x86
		{0EAA5EA5-6414-4602-95C5-0A63C2F522A3}.Release|x86.Build.0 = Release|x86
		{87573C5A-C6E9-4AC4-8D59-7D8CDD0BE28B}.Debug|Any CPU.ActiveCfg = Debug|Any CPU
		{87573C5A-C6E9-4AC4-8D59-7D8CDD0BE28B}.Debug|Any CPU.Build.0 = Debug|Any CPU
		{87573C5A-C6E9-4AC4-8D59-7D8CDD0BE28B}.Debug|ARM64.ActiveCfg = Debug|x64
		{87573C5A-C6E9-4AC4-8D59-7D8CDD0BE28B}.Debug|ARM64.Build.0 = Debug|x64
		{87573C5A-C6E9-4AC4-8D59-7D8CDD0BE28B}.Debug|x64.ActiveCfg = Debug|x64
		{87573C5A-C6E9-4AC4-8D59-7D8CDD0BE28B}.Debug|x64.Build.0 = Debug|x64
		{87573C5A-C6E9-4AC4-8D59-7D8CDD0BE28B}.Debug|x86.ActiveCfg = Debug|x86
		{87573C5A-C6E9-4AC4-8D59-7D8CDD0BE28B}.Debug|x86.Build.0 = Debug|x86
		{87573C5A-C6E9-4AC4-8D59-7D8CDD0BE28B}.Release|Any CPU.ActiveCfg = Release|Any CPU
		{87573C5A-C6E9-4AC4-8D59-7D8CDD0BE28B}.Release|Any CPU.Build.0 = Release|Any CPU
		{87573C5A-C6E9-4AC4-8D59-7D8CDD0BE28B}.Release|ARM64.ActiveCfg = Release|Any CPU
		{87573C5A-C6E9-4AC4-8D59-7D8CDD0BE28B}.Release|ARM64.Build.0 = Release|Any CPU
		{87573C5A-C6E9-4AC4-8D59-7D8CDD0BE28B}.Release|x64.ActiveCfg = Release|x64
		{87573C5A-C6E9-4AC4-8D59-7D8CDD0BE28B}.Release|x64.Build.0 = Release|x64
		{87573C5A-C6E9-4AC4-8D59-7D8CDD0BE28B}.Release|x86.ActiveCfg = Release|x86
		{87573C5A-C6E9-4AC4-8D59-7D8CDD0BE28B}.Release|x86.Build.0 = Release|x86
		{ABB44196-AD42-4038-8B19-E1496E30FDF0}.Debug|Any CPU.ActiveCfg = Debug|Any CPU
		{ABB44196-AD42-4038-8B19-E1496E30FDF0}.Debug|Any CPU.Build.0 = Debug|Any CPU
		{ABB44196-AD42-4038-8B19-E1496E30FDF0}.Debug|ARM64.ActiveCfg = Debug|Any CPU
		{ABB44196-AD42-4038-8B19-E1496E30FDF0}.Debug|ARM64.Build.0 = Debug|Any CPU
		{ABB44196-AD42-4038-8B19-E1496E30FDF0}.Debug|x64.ActiveCfg = Debug|Any CPU
		{ABB44196-AD42-4038-8B19-E1496E30FDF0}.Debug|x64.Build.0 = Debug|Any CPU
		{ABB44196-AD42-4038-8B19-E1496E30FDF0}.Debug|x86.ActiveCfg = Debug|Any CPU
		{ABB44196-AD42-4038-8B19-E1496E30FDF0}.Debug|x86.Build.0 = Debug|Any CPU
		{ABB44196-AD42-4038-8B19-E1496E30FDF0}.Release|Any CPU.ActiveCfg = Release|Any CPU
		{ABB44196-AD42-4038-8B19-E1496E30FDF0}.Release|Any CPU.Build.0 = Release|Any CPU
		{ABB44196-AD42-4038-8B19-E1496E30FDF0}.Release|ARM64.ActiveCfg = Release|Any CPU
		{ABB44196-AD42-4038-8B19-E1496E30FDF0}.Release|ARM64.Build.0 = Release|Any CPU
		{ABB44196-AD42-4038-8B19-E1496E30FDF0}.Release|x64.ActiveCfg = Release|Any CPU
		{ABB44196-AD42-4038-8B19-E1496E30FDF0}.Release|x64.Build.0 = Release|Any CPU
		{ABB44196-AD42-4038-8B19-E1496E30FDF0}.Release|x86.ActiveCfg = Release|x86
		{ABB44196-AD42-4038-8B19-E1496E30FDF0}.Release|x86.Build.0 = Release|x86
		{F6794988-9E29-4E7D-8A07-EDFC20491737}.Debug|Any CPU.ActiveCfg = Debug|Any CPU
		{F6794988-9E29-4E7D-8A07-EDFC20491737}.Debug|Any CPU.Build.0 = Debug|Any CPU
		{F6794988-9E29-4E7D-8A07-EDFC20491737}.Debug|ARM64.ActiveCfg = Debug|Any CPU
		{F6794988-9E29-4E7D-8A07-EDFC20491737}.Debug|ARM64.Build.0 = Debug|Any CPU
		{F6794988-9E29-4E7D-8A07-EDFC20491737}.Debug|x64.ActiveCfg = Debug|Any CPU
		{F6794988-9E29-4E7D-8A07-EDFC20491737}.Debug|x64.Build.0 = Debug|Any CPU
		{F6794988-9E29-4E7D-8A07-EDFC20491737}.Debug|x86.ActiveCfg = Debug|Any CPU
		{F6794988-9E29-4E7D-8A07-EDFC20491737}.Debug|x86.Build.0 = Debug|Any CPU
		{F6794988-9E29-4E7D-8A07-EDFC20491737}.Release|Any CPU.ActiveCfg = Release|Any CPU
		{F6794988-9E29-4E7D-8A07-EDFC20491737}.Release|Any CPU.Build.0 = Release|Any CPU
		{F6794988-9E29-4E7D-8A07-EDFC20491737}.Release|ARM64.ActiveCfg = Release|Any CPU
		{F6794988-9E29-4E7D-8A07-EDFC20491737}.Release|ARM64.Build.0 = Release|Any CPU
		{F6794988-9E29-4E7D-8A07-EDFC20491737}.Release|x64.ActiveCfg = Release|Any CPU
		{F6794988-9E29-4E7D-8A07-EDFC20491737}.Release|x64.Build.0 = Release|Any CPU
		{F6794988-9E29-4E7D-8A07-EDFC20491737}.Release|x86.ActiveCfg = Release|x86
		{F6794988-9E29-4E7D-8A07-EDFC20491737}.Release|x86.Build.0 = Release|x86
		{0A0BED67-0C7B-4D24-B107-43615F4C0ACA}.Debug|Any CPU.ActiveCfg = Debug|Any CPU
		{0A0BED67-0C7B-4D24-B107-43615F4C0ACA}.Debug|Any CPU.Build.0 = Debug|Any CPU
		{0A0BED67-0C7B-4D24-B107-43615F4C0ACA}.Debug|ARM64.ActiveCfg = Debug|Any CPU
		{0A0BED67-0C7B-4D24-B107-43615F4C0ACA}.Debug|ARM64.Build.0 = Debug|Any CPU
		{0A0BED67-0C7B-4D24-B107-43615F4C0ACA}.Debug|x64.ActiveCfg = Debug|Any CPU
		{0A0BED67-0C7B-4D24-B107-43615F4C0ACA}.Debug|x64.Build.0 = Debug|Any CPU
		{0A0BED67-0C7B-4D24-B107-43615F4C0ACA}.Debug|x86.ActiveCfg = Debug|Any CPU
		{0A0BED67-0C7B-4D24-B107-43615F4C0ACA}.Debug|x86.Build.0 = Debug|Any CPU
		{0A0BED67-0C7B-4D24-B107-43615F4C0ACA}.Release|Any CPU.ActiveCfg = Release|Any CPU
		{0A0BED67-0C7B-4D24-B107-43615F4C0ACA}.Release|Any CPU.Build.0 = Release|Any CPU
		{0A0BED67-0C7B-4D24-B107-43615F4C0ACA}.Release|ARM64.ActiveCfg = Release|Any CPU
		{0A0BED67-0C7B-4D24-B107-43615F4C0ACA}.Release|ARM64.Build.0 = Release|Any CPU
		{0A0BED67-0C7B-4D24-B107-43615F4C0ACA}.Release|x64.ActiveCfg = Release|Any CPU
		{0A0BED67-0C7B-4D24-B107-43615F4C0ACA}.Release|x64.Build.0 = Release|Any CPU
		{0A0BED67-0C7B-4D24-B107-43615F4C0ACA}.Release|x86.ActiveCfg = Release|x86
		{0A0BED67-0C7B-4D24-B107-43615F4C0ACA}.Release|x86.Build.0 = Release|x86
		{7C13D5DD-2E71-4466-BFD0-B5C6A10640BA}.Debug|Any CPU.ActiveCfg = Debug|Any CPU
		{7C13D5DD-2E71-4466-BFD0-B5C6A10640BA}.Debug|Any CPU.Build.0 = Debug|Any CPU
		{7C13D5DD-2E71-4466-BFD0-B5C6A10640BA}.Debug|ARM64.ActiveCfg = Debug|Any CPU
		{7C13D5DD-2E71-4466-BFD0-B5C6A10640BA}.Debug|ARM64.Build.0 = Debug|Any CPU
		{7C13D5DD-2E71-4466-BFD0-B5C6A10640BA}.Debug|x64.ActiveCfg = Debug|Any CPU
		{7C13D5DD-2E71-4466-BFD0-B5C6A10640BA}.Debug|x64.Build.0 = Debug|Any CPU
		{7C13D5DD-2E71-4466-BFD0-B5C6A10640BA}.Debug|x86.ActiveCfg = Debug|Any CPU
		{7C13D5DD-2E71-4466-BFD0-B5C6A10640BA}.Debug|x86.Build.0 = Debug|Any CPU
		{7C13D5DD-2E71-4466-BFD0-B5C6A10640BA}.Release|Any CPU.ActiveCfg = Release|Any CPU
		{7C13D5DD-2E71-4466-BFD0-B5C6A10640BA}.Release|Any CPU.Build.0 = Release|Any CPU
		{7C13D5DD-2E71-4466-BFD0-B5C6A10640BA}.Release|ARM64.ActiveCfg = Release|Any CPU
		{7C13D5DD-2E71-4466-BFD0-B5C6A10640BA}.Release|ARM64.Build.0 = Release|Any CPU
		{7C13D5DD-2E71-4466-BFD0-B5C6A10640BA}.Release|x64.ActiveCfg = Release|Any CPU
		{7C13D5DD-2E71-4466-BFD0-B5C6A10640BA}.Release|x64.Build.0 = Release|Any CPU
		{7C13D5DD-2E71-4466-BFD0-B5C6A10640BA}.Release|x86.ActiveCfg = Release|Any CPU
		{7C13D5DD-2E71-4466-BFD0-B5C6A10640BA}.Release|x86.Build.0 = Release|Any CPU
		{40A9CBD7-BCF2-4FD8-A266-693F09C2E6ED}.Debug|Any CPU.ActiveCfg = Debug|Any CPU
		{40A9CBD7-BCF2-4FD8-A266-693F09C2E6ED}.Debug|Any CPU.Build.0 = Debug|Any CPU
		{40A9CBD7-BCF2-4FD8-A266-693F09C2E6ED}.Debug|ARM64.ActiveCfg = Debug|Any CPU
		{40A9CBD7-BCF2-4FD8-A266-693F09C2E6ED}.Debug|ARM64.Build.0 = Debug|Any CPU
		{40A9CBD7-BCF2-4FD8-A266-693F09C2E6ED}.Debug|x64.ActiveCfg = Debug|Any CPU
		{40A9CBD7-BCF2-4FD8-A266-693F09C2E6ED}.Debug|x64.Build.0 = Debug|Any CPU
		{40A9CBD7-BCF2-4FD8-A266-693F09C2E6ED}.Debug|x86.ActiveCfg = Debug|Any CPU
		{40A9CBD7-BCF2-4FD8-A266-693F09C2E6ED}.Debug|x86.Build.0 = Debug|Any CPU
		{40A9CBD7-BCF2-4FD8-A266-693F09C2E6ED}.Release|Any CPU.ActiveCfg = Release|Any CPU
		{40A9CBD7-BCF2-4FD8-A266-693F09C2E6ED}.Release|Any CPU.Build.0 = Release|Any CPU
		{40A9CBD7-BCF2-4FD8-A266-693F09C2E6ED}.Release|ARM64.ActiveCfg = Release|Any CPU
		{40A9CBD7-BCF2-4FD8-A266-693F09C2E6ED}.Release|ARM64.Build.0 = Release|Any CPU
		{40A9CBD7-BCF2-4FD8-A266-693F09C2E6ED}.Release|x64.ActiveCfg = Release|Any CPU
		{40A9CBD7-BCF2-4FD8-A266-693F09C2E6ED}.Release|x64.Build.0 = Release|Any CPU
		{40A9CBD7-BCF2-4FD8-A266-693F09C2E6ED}.Release|x86.ActiveCfg = Release|x86
		{40A9CBD7-BCF2-4FD8-A266-693F09C2E6ED}.Release|x86.Build.0 = Release|x86
	EndGlobalSection
	GlobalSection(SolutionProperties) = preSolution
		HideSolutionNode = FALSE
	EndGlobalSection
	GlobalSection(NestedProjects) = preSolution
		{1FB08EAF-397B-4682-AFC9-73B3D1FA2CA5} = {A0ED6EDE-A059-4428-A310-F3555A34854D}
		{BA238278-32D0-4C4E-881A-AD2BE152832C} = {79451471-134E-4D7B-B633-4AE2BF7A7D23}
		{A252EBB2-D31A-4A6A-A77C-A688E303801D} = {D6214E27-4C28-424B-B8E6-ADA165008EA4}
		{6212FADF-45A6-4613-B5A8-5C5A57F3BFB0} = {79451471-134E-4D7B-B633-4AE2BF7A7D23}
		{B5245008-CFDF-4B83-BF61-B0B26A8E92BF} = {EDB4692D-97C0-454B-8048-79AA8D40ABE9}
		{26D6BB81-3F3C-4DDC-857D-2B2DC4C660B8} = {D6214E27-4C28-424B-B8E6-ADA165008EA4}
		{B8D5C40B-3B3D-43E1-95FA-97087581BDA2} = {EDB4692D-97C0-454B-8048-79AA8D40ABE9}
		{D56E4595-786F-4580-B3E0-EEA5871F582F} = {D6214E27-4C28-424B-B8E6-ADA165008EA4}
		{A7210679-60D5-4B26-BC34-9E22C91EF175} = {E90D9EBC-6FA1-471C-84A9-CFC5B30756E4}
		{5AA43597-FD3D-4F10-89A5-EB77D3B831D9} = {E90D9EBC-6FA1-471C-84A9-CFC5B30756E4}
		{219D618D-ED68-4076-813C-B9C8DB4FF49C} = {79451471-134E-4D7B-B633-4AE2BF7A7D23}
		{FD6EC0C9-A961-49D9-83EE-5FA6020650C9} = {E90D9EBC-6FA1-471C-84A9-CFC5B30756E4}
		{748AB135-363C-40D5-80C1-9A551071D62C} = {E90D9EBC-6FA1-471C-84A9-CFC5B30756E4}
		{68CEC379-F5F5-476C-882A-1D3B5143B2A8} = {79451471-134E-4D7B-B633-4AE2BF7A7D23}
		{0EAA5EA5-6414-4602-95C5-0A63C2F522A3} = {D6214E27-4C28-424B-B8E6-ADA165008EA4}
		{87573C5A-C6E9-4AC4-8D59-7D8CDD0BE28B} = {D6214E27-4C28-424B-B8E6-ADA165008EA4}
		{ABB44196-AD42-4038-8B19-E1496E30FDF0} = {EDB4692D-97C0-454B-8048-79AA8D40ABE9}
		{F6794988-9E29-4E7D-8A07-EDFC20491737} = {EDB4692D-97C0-454B-8048-79AA8D40ABE9}
		{0A0BED67-0C7B-4D24-B107-43615F4C0ACA} = {EDB4692D-97C0-454B-8048-79AA8D40ABE9}
		{7C13D5DD-2E71-4466-BFD0-B5C6A10640BA} = {79451471-134E-4D7B-B633-4AE2BF7A7D23}
		{40A9CBD7-BCF2-4FD8-A266-693F09C2E6ED} = {D6214E27-4C28-424B-B8E6-ADA165008EA4}
	EndGlobalSection
	GlobalSection(ExtensibilityGlobals) = postSolution
		SolutionGuid = {7757B067-0629-4B99-BC33-50BF3898A109}
	EndGlobalSection
EndGlobal
