
Microsoft Visual Studio Solution File, Format Version 12.00
# Visual Studio 15
VisualStudioVersion = 15.0.28307.421
MinimumVisualStudioVersion = 10.0.40219.1
Project("{FAE04EC0-301F-11D3-BF4B-00C04F79EFBC}") = "VPlayer", "VPlayer\VPlayer.csproj", "{1FB08EAF-397B-4682-AFC9-73B3D1FA2CA5}"
EndProject
Project("{FAE04EC0-301F-11D3-BF4B-00C04F79EFBC}") = "Listener", "KeyListener\Listener.csproj", "{BA238278-32D0-4C4E-881A-AD2BE152832C}"
EndProject
Project("{2150E333-8FDC-42A3-9474-1A3956D46DE8}") = "LocalMusicDb", "LocalMusicDb", "{4C0F028F-966D-4F94-BA52-49021914E483}"
	ProjectSection(SolutionItems) = preProject
		LocalMusicDb\LocalMusicDb.mdf = LocalMusicDb\LocalMusicDb.mdf
		LocalMusicDb\LocalMusicDb_log.ldf = LocalMusicDb\LocalMusicDb_log.ldf
	EndProjectSection
EndProject
Global
	GlobalSection(SolutionConfigurationPlatforms) = preSolution
		Debug|x64 = Debug|x64
		Debug|x86 = Debug|x86
		Release|x64 = Release|x64
		Release|x86 = Release|x86
	EndGlobalSection
	GlobalSection(ProjectConfigurationPlatforms) = postSolution
		{1FB08EAF-397B-4682-AFC9-73B3D1FA2CA5}.Debug|x64.ActiveCfg = Debug|x64
		{1FB08EAF-397B-4682-AFC9-73B3D1FA2CA5}.Debug|x64.Build.0 = Debug|x64
		{1FB08EAF-397B-4682-AFC9-73B3D1FA2CA5}.Debug|x86.ActiveCfg = Debug|x86
		{1FB08EAF-397B-4682-AFC9-73B3D1FA2CA5}.Debug|x86.Build.0 = Debug|x86
		{1FB08EAF-397B-4682-AFC9-73B3D1FA2CA5}.Release|x64.ActiveCfg = Release|x64
		{1FB08EAF-397B-4682-AFC9-73B3D1FA2CA5}.Release|x64.Build.0 = Release|x64
		{1FB08EAF-397B-4682-AFC9-73B3D1FA2CA5}.Release|x86.ActiveCfg = Release|Any CPU
		{1FB08EAF-397B-4682-AFC9-73B3D1FA2CA5}.Release|x86.Build.0 = Release|Any CPU
		{BA238278-32D0-4C4E-881A-AD2BE152832C}.Debug|x64.ActiveCfg = Debug|x64
		{BA238278-32D0-4C4E-881A-AD2BE152832C}.Debug|x64.Build.0 = Debug|x64
		{BA238278-32D0-4C4E-881A-AD2BE152832C}.Debug|x86.ActiveCfg = Debug|x86
		{BA238278-32D0-4C4E-881A-AD2BE152832C}.Debug|x86.Build.0 = Debug|x86
		{BA238278-32D0-4C4E-881A-AD2BE152832C}.Release|x64.ActiveCfg = Release|x64
		{BA238278-32D0-4C4E-881A-AD2BE152832C}.Release|x64.Build.0 = Release|x64
		{BA238278-32D0-4C4E-881A-AD2BE152832C}.Release|x86.ActiveCfg = Release|Any CPU
		{BA238278-32D0-4C4E-881A-AD2BE152832C}.Release|x86.Build.0 = Release|Any CPU
	EndGlobalSection
	GlobalSection(SolutionProperties) = preSolution
		HideSolutionNode = FALSE
	EndGlobalSection
	GlobalSection(ExtensibilityGlobals) = postSolution
		SolutionGuid = {7757B067-0629-4B99-BC33-50BF3898A109}
	EndGlobalSection
EndGlobal
